
Microsoft Visual Studio Solution File, Format Version 10.00
# Visual Studio 2008
Project("{8BC9CEB8-8B4A-11D0-8D11-00A0C91BC942}") = "Captain2", "Captain2.vcproj", "{A7FA6F7B-1FBB-46BB-8954-83049074DEA6}"
EndProject
Global
	GlobalSection(SolutionConfigurationPlatforms) = preSolution
		Debug|Win32 = Debug|Win32
		Release|Win32 = Release|Win32
	EndGlobalSection
	GlobalSection(ProjectConfigurationPlatforms) = postSolution
		{A7FA6F7B-1FBB-46BB-8954-83049074DEA6}.Debug|Win32.ActiveCfg = Debug|Win32
		{A7FA6F7B-1FBB-46BB-8954-83049074DEA6}.Debug|Win32.Build.0 = Debug|Win32
		{A7FA6F7B-1FBB-46BB-8954-83049074DEA6}.Release|Win32.ActiveCfg = Release|Win32
		{A7FA6F7B-1FBB-46BB-8954-83049074DEA6}.Release|Win32.Build.0 = Release|Win32
	EndGlobalSection
	GlobalSection(SolutionProperties) = preSolution
		HideSolutionNode = FALSE
	EndGlobalSection
EndGlobal
